{
  "name": "gmbot",
  "version": "1.0.0",
  "lockfileVersion": 3,
  "requires": true,
  "packages": {
    "": {
      "name": "gmbot",
      "version": "1.0.0",
      "license": "ISC",
      "dependencies": {
        "@google/generative-ai": "^0.24.1",
        "dotenv": "^17.2.3",
        "nostr-tools": "^2.21.0",
        "ws": "^8.19.0"
      }
    },
    "node_modules/@google/generative-ai": {
      "version": "0.24.1",
      "resolved": "https://registry.npmjs.org/@google/generative-ai/-/generative-ai-0.24.1.tgz",
      "integrity": "sha512-MqO+MLfM6kjxcKoy0p1wRzG3b4ZZXtPI+z2IE26UogS2Cm/XHO+7gGRBh6gcJsOiIVoH93UwKvW4HdgiOZCy9Q==",
      "license": "Apache-2.0",
      "engines": {
        "node": ">=18.0.0"
      }
    },
    "node_modules/@jsr/noble__curves": {
      "version": "2.0.1",
      "resolved": "https://npm.jsr.io/~/11/@jsr/noble__curves/2.0.1.tgz",
      "integrity": "sha512-W9f7/HjpYhYPz7aShh9KqdBV0oCLJFJOuoalSnTyHsqm3ZzJYKlM7Km3Vj0ClmxqYVzWuiPnWkz11fSEe5yNIQ==",
      "dependencies": {
        "@jsr/noble__hashes": "^2.0.0"
      }
    },
    "node_modules/@jsr/noble__hashes": {
      "version": "2.0.1",
      "resolved": "https://npm.jsr.io/~/11/@jsr/noble__hashes/2.0.1.tgz",
      "integrity": "sha512-dmQSiSKzmUJOyMalZcFr4Qg3bl2aenVxEWEUrqZmTFGnkGNu0mvZJWAYx/FHEJmr+uN/T1WZAbpV3fEcUysGjw=="
    },
    "node_modules/@jsr/scure__base": {
      "version": "2.0.0",
      "resolved": "https://npm.jsr.io/~/11/@jsr/scure__base/2.0.0.tgz",
      "integrity": "sha512-um6TO/LfMyhcWvbCv1aQm+Ix0ZY2VFqKShPg/kF6V+XJbryHyJOR8lFNCVdHZudMEVW2lHbUOTPSVivt5RtvxA=="
    },
    "node_modules/@noble/ciphers": {
      "name": "@jsr/noble__ciphers",
      "version": "2.1.1",
      "resolved": "https://npm.jsr.io/~/11/@jsr/noble__ciphers/2.1.1.tgz",
      "integrity": "sha512-Iiq+NjX8RBUJek03czcW3DvnN3X85Af3TtYzOwdQ2fgRiGu8lXsFPZM1xGygxiu7tAt888692xB7GmAZ+U8nSQ=="
    },
    "node_modules/@noble/curves": {
      "name": "@jsr/noble__curves",
      "version": "2.0.1",
      "resolved": "https://npm.jsr.io/~/11/@jsr/noble__curves/2.0.1.tgz",
      "integrity": "sha512-W9f7/HjpYhYPz7aShh9KqdBV0oCLJFJOuoalSnTyHsqm3ZzJYKlM7Km3Vj0ClmxqYVzWuiPnWkz11fSEe5yNIQ==",
      "dependencies": {
        "@jsr/noble__hashes": "^2.0.0"
      }
    },
    "node_modules/@noble/hashes": {
      "name": "@jsr/noble__hashes",
      "version": "2.0.1",
      "resolved": "https://npm.jsr.io/~/11/@jsr/noble__hashes/2.0.1.tgz",
      "integrity": "sha512-dmQSiSKzmUJOyMalZcFr4Qg3bl2aenVxEWEUrqZmTFGnkGNu0mvZJWAYx/FHEJmr+uN/T1WZAbpV3fEcUysGjw=="
    },
    "node_modules/@scure/base": {
      "name": "@jsr/scure__base",
      "version": "2.0.0",
      "resolved": "https://npm.jsr.io/~/11/@jsr/scure__base/2.0.0.tgz",
      "integrity": "sha512-um6TO/LfMyhcWvbCv1aQm+Ix0ZY2VFqKShPg/kF6V+XJbryHyJOR8lFNCVdHZudMEVW2lHbUOTPSVivt5RtvxA=="
    },
    "node_modules/@scure/bip32": {
      "name": "@jsr/scure__bip32",
      "version": "2.0.1",
      "resolved": "https://npm.jsr.io/~/11/@jsr/scure__bip32/2.0.1.tgz",
      "integrity": "sha512-/+64ZfWc9r0uuJ611B1vMUo1SSM5VLrlZmYNvQEqQKkG71BnCxPqpn7UFXtHG8ql0lvcBbjoOK2B0/uTDMafbg==",
      "dependencies": {
        "@jsr/noble__curves": "2.0.1",
        "@jsr/noble__hashes": "2.0.1",
        "@jsr/scure__base": "2.0.0"
      }
    },
    "node_modules/@scure/bip39": {
      "name": "@jsr/scure__bip39",
      "version": "2.0.1",
      "resolved": "https://npm.jsr.io/~/11/@jsr/scure__bip39/2.0.1.tgz",
      "integrity": "sha512-3+WqsT1K0+4OteY8gXBmSh383xTdNgIwYqleIGmUVr/rePRBnl2oENT7TPxveYhTPYMaD01DA8I7ttZS+HZVsg==",
      "dependencies": {
        "@jsr/noble__hashes": "2.0.1",
        "@jsr/scure__base": "2.0.0"
      }
    },
    "node_modules/dotenv": {
      "version": "17.2.3",
      "resolved": "https://registry.npmjs.org/dotenv/-/dotenv-17.2.3.tgz",
      "integrity": "sha512-JVUnt+DUIzu87TABbhPmNfVdBDt18BLOWjMUFJMSi/Qqg7NTYtabbvSNJGOJ7afbRuv9D/lngizHtP7QyLQ+9w==",
      "license": "BSD-2-Clause",
      "engines": {
        "node": ">=12"
      },
      "funding": {
        "url": "https://dotenvx.com"
      }
    },
    "node_modules/nostr-tools": {
      "version": "2.21.0",
      "resolved": "https://registry.npmjs.org/nostr-tools/-/nostr-tools-2.21.0.tgz",
      "integrity": "sha512-14Vo0fY0jJ7V5OLyDHtirrwkwiOd8thQkbR+u5m9C7NbSnw8vcyCN+6vUBLvQ/Z7GqMtlnwFs8dTOLEJoRyjwA==",
      "license": "Unlicense",
      "dependencies": {
        "@noble/ciphers": "npm:@jsr/noble__ciphers@2.1.1",
        "@noble/curves": "npm:@jsr/noble__curves@2.0.1",
        "@noble/hashes": "npm:@jsr/noble__hashes@2.0.1",
        "@scure/base": "npm:@jsr/scure__base@2.0.0",
        "@scure/bip32": "npm:@jsr/scure__bip32@2.0.1",
        "@scure/bip39": "npm:@jsr/scure__bip39@2.0.1",
        "nostr-wasm": "0.1.0"
      },
      "peerDependencies": {
        "typescript": ">=5.0.0"
      },
      "peerDependenciesMeta": {
        "typescript": {
          "optional": true
        }
      }
    },
    "node_modules/nostr-wasm": {
      "version": "0.1.0",
      "resolved": "https://registry.npmjs.org/nostr-wasm/-/nostr-wasm-0.1.0.tgz",
      "integrity": "sha512-78BTryCLcLYv96ONU8Ws3Q1JzjlAt+43pWQhIl86xZmWeegYCNLPml7yQ+gG3vR6V5h4XGj+TxO+SS5dsThQIA==",
      "license": "MIT"
    },
    "node_modules/ws": {
      "version": "8.19.0",
      "resolved": "https://registry.npmjs.org/ws/-/ws-8.19.0.tgz",
      "integrity": "sha512-blAT2mjOEIi0ZzruJfIhb3nps74PRWTCz1IjglWEEpQl5XS/UNama6u2/rjFkDDouqr4L67ry+1aGIALViWjDg==",
      "license": "MIT",
      "engines": {
        "node": ">=10.0.0"
      },
      "peerDependencies": {
        "bufferutil": "^4.0.1",
        "utf-8-validate": ">=5.0.2"
      },
      "peerDependenciesMeta": {
        "bufferutil": {
          "optional": true
        },
        "utf-8-validate": {
          "optional": true
        }
      }
    }
  }
}
